
Microsoft Visual Studio Solution File, Format Version 12.00
# Visual Studio Version 17
VisualStudioVersion = 17.5.002.0
MinimumVisualStudioVersion = 10.0.40219.1
Project("{FAE04EC0-301F-11D3-BF4B-00C04F79EFBC}") = "PeliSValero.Models", "Models\PeliSValero.Models.csproj", "{9F910240-28B5-49E6-B83D-38914D0A868A}"
EndProject
Project("{FAE04EC0-301F-11D3-BF4B-00C04F79EFBC}") = "Presentation", "Presentation\Presentation.csproj", "{A7753B0B-5108-4750-8468-20CA113ADD99}"
EndProject
Project("{FAE04EC0-301F-11D3-BF4B-00C04F79EFBC}") = "PeliSValero.Business", "Business\PeliSValero.Business.csproj", "{3A65708D-CD2F-4316-9785-F67F7F2C72BA}"
EndProject
Project("{FAE04EC0-301F-11D3-BF4B-00C04F79EFBC}") = "PeliSValero.Data", "Data\PeliSValero.Data.csproj", "{6752AB44-4E58-4DCC-956D-188A82AA6237}"
EndProject
Global
	GlobalSection(SolutionConfigurationPlatforms) = preSolution
		Debug|Any CPU = Debug|Any CPU
		Release|Any CPU = Release|Any CPU
	EndGlobalSection
	GlobalSection(ProjectConfigurationPlatforms) = postSolution
		{1165E50C-6E2A-4FCA-A6C7-6C24AF665206}.Debug|Any CPU.ActiveCfg = Debug|Any CPU
		{1165E50C-6E2A-4FCA-A6C7-6C24AF665206}.Debug|Any CPU.Build.0 = Debug|Any CPU
		{1165E50C-6E2A-4FCA-A6C7-6C24AF665206}.Release|Any CPU.ActiveCfg = Release|Any CPU
		{1165E50C-6E2A-4FCA-A6C7-6C24AF665206}.Release|Any CPU.Build.0 = Release|Any CPU
		{9F910240-28B5-49E6-B83D-38914D0A868A}.Debug|Any CPU.ActiveCfg = Debug|Any CPU
		{9F910240-28B5-49E6-B83D-38914D0A868A}.Debug|Any CPU.Build.0 = Debug|Any CPU
		{9F910240-28B5-49E6-B83D-38914D0A868A}.Release|Any CPU.ActiveCfg = Release|Any CPU
		{9F910240-28B5-49E6-B83D-38914D0A868A}.Release|Any CPU.Build.0 = Release|Any CPU
		{A7753B0B-5108-4750-8468-20CA113ADD99}.Debug|Any CPU.ActiveCfg = Debug|Any CPU
		{A7753B0B-5108-4750-8468-20CA113ADD99}.Debug|Any CPU.Build.0 = Debug|Any CPU
		{A7753B0B-5108-4750-8468-20CA113ADD99}.Release|Any CPU.ActiveCfg = Release|Any CPU
		{A7753B0B-5108-4750-8468-20CA113ADD99}.Release|Any CPU.Build.0 = Release|Any CPU
		{3A65708D-CD2F-4316-9785-F67F7F2C72BA}.Debug|Any CPU.ActiveCfg = Debug|Any CPU
		{3A65708D-CD2F-4316-9785-F67F7F2C72BA}.Debug|Any CPU.Build.0 = Debug|Any CPU
		{3A65708D-CD2F-4316-9785-F67F7F2C72BA}.Release|Any CPU.ActiveCfg = Release|Any CPU
		{3A65708D-CD2F-4316-9785-F67F7F2C72BA}.Release|Any CPU.Build.0 = Release|Any CPU
		{6752AB44-4E58-4DCC-956D-188A82AA6237}.Debug|Any CPU.ActiveCfg = Debug|Any CPU
		{6752AB44-4E58-4DCC-956D-188A82AA6237}.Debug|Any CPU.Build.0 = Debug|Any CPU
		{6752AB44-4E58-4DCC-956D-188A82AA6237}.Release|Any CPU.ActiveCfg = Release|Any CPU
		{6752AB44-4E58-4DCC-956D-188A82AA6237}.Release|Any CPU.Build.0 = Release|Any CPU
	EndGlobalSection
	GlobalSection(SolutionProperties) = preSolution
		HideSolutionNode = FALSE
	EndGlobalSection
	GlobalSection(ExtensibilityGlobals) = postSolution
		SolutionGuid = {8F350E84-4277-4937-9918-9B35C787FC0B}
	EndGlobalSection
EndGlobal
